
Microsoft Visual Studio Solution File, Format Version 12.00
# Visual Studio Version 17
VisualStudioVersion = 17.0.31717.71
MinimumVisualStudioVersion = 10.0.40219.1
Project("{888888A0-9F3D-457C-B088-3A5042F75D52}") = "FlaskWebProject1", "FlaskWebProject1\FlaskWebProject1.pyproj", "{BDCD6AB4-077D-49E0-83FC-ADB12F81BBD5}"
EndProject
Global
	GlobalSection(SolutionConfigurationPlatforms) = preSolution
		Debug|Any CPU = Debug|Any CPU
		Release|Any CPU = Release|Any CPU
	EndGlobalSection
	GlobalSection(ProjectConfigurationPlatforms) = postSolution
		{BDCD6AB4-077D-49E0-83FC-ADB12F81BBD5}.Debug|Any CPU.ActiveCfg = Debug|Any CPU
		{BDCD6AB4-077D-49E0-83FC-ADB12F81BBD5}.Debug|Any CPU.Build.0 = Debug|Any CPU
		{BDCD6AB4-077D-49E0-83FC-ADB12F81BBD5}.Release|Any CPU.ActiveCfg = Release|Any CPU
		{BDCD6AB4-077D-49E0-83FC-ADB12F81BBD5}.Release|Any CPU.Build.0 = Release|Any CPU
	EndGlobalSection
	GlobalSection(SolutionProperties) = preSolution
		HideSolutionNode = FALSE
	EndGlobalSection
	GlobalSection(ExtensibilityGlobals) = postSolution
		SolutionGuid = {DF42606A-5F81-4FF6-ADB4-8680E1E776C0}
	EndGlobalSection
EndGlobal
